
Microsoft Visual Studio Solution File, Format Version 12.00
# Visual Studio Version 17
VisualStudioVersion = 17.5.33530.505
MinimumVisualStudioVersion = 10.0.40219.1
Project("{FAE04EC0-301F-11D3-BF4B-00C04F79EFBC}") = "BurgerLightMobile", "BurgerLightMobile\BurgerLightMobile.csproj", "{A69DA1A5-3667-46AB-AB2E-AE06187C5FFD}"
EndProject
Global
	GlobalSection(SolutionConfigurationPlatforms) = preSolution
		Debug|Any CPU = Debug|Any CPU
		Release|Any CPU = Release|Any CPU
	EndGlobalSection
	GlobalSection(ProjectConfigurationPlatforms) = postSolution
		{A69DA1A5-3667-46AB-AB2E-AE06187C5FFD}.Debug|Any CPU.ActiveCfg = Debug|Any CPU
		{A69DA1A5-3667-46AB-AB2E-AE06187C5FFD}.Debug|Any CPU.Build.0 = Debug|Any CPU
		{A69DA1A5-3667-46AB-AB2E-AE06187C5FFD}.Debug|Any CPU.Deploy.0 = Debug|Any CPU
		{A69DA1A5-3667-46AB-AB2E-AE06187C5FFD}.Release|Any CPU.ActiveCfg = Release|Any CPU
		{A69DA1A5-3667-46AB-AB2E-AE06187C5FFD}.Release|Any CPU.Build.0 = Release|Any CPU
		{A69DA1A5-3667-46AB-AB2E-AE06187C5FFD}.Release|Any CPU.Deploy.0 = Release|Any CPU
	EndGlobalSection
	GlobalSection(SolutionProperties) = preSolution
		HideSolutionNode = FALSE
	EndGlobalSection
	GlobalSection(ExtensibilityGlobals) = postSolution
		SolutionGuid = {8F63C455-049D-405D-BAC8-9FF0E7289DC6}
	EndGlobalSection
EndGlobal
